
Microsoft Visual Studio Solution File, Format Version 12.00
# Visual Studio Version 16
VisualStudioVersion = 16.0.29324.140
MinimumVisualStudioVersion = 10.0.40219.1
Project("{FAE04EC0-301F-11D3-BF4B-00C04F79EFBC}") = "Deikstr", "Deikstr\Deikstr.csproj", "{02BA8F89-770E-4F94-A6F7-770164199DAD}"
EndProject
Global
	GlobalSection(SolutionConfigurationPlatforms) = preSolution
		Debug|Any CPU = Debug|Any CPU
		Release|Any CPU = Release|Any CPU
	EndGlobalSection
	GlobalSection(ProjectConfigurationPlatforms) = postSolution
		{02BA8F89-770E-4F94-A6F7-770164199DAD}.Debug|Any CPU.ActiveCfg = Debug|Any CPU
		{02BA8F89-770E-4F94-A6F7-770164199DAD}.Debug|Any CPU.Build.0 = Debug|Any CPU
		{02BA8F89-770E-4F94-A6F7-770164199DAD}.Release|Any CPU.ActiveCfg = Release|Any CPU
		{02BA8F89-770E-4F94-A6F7-770164199DAD}.Release|Any CPU.Build.0 = Release|Any CPU
	EndGlobalSection
	GlobalSection(SolutionProperties) = preSolution
		HideSolutionNode = FALSE
	EndGlobalSection
	GlobalSection(ExtensibilityGlobals) = postSolution
		SolutionGuid = {62A3DE82-F2E7-420F-BE5C-9CA38FB4B0F6}
	EndGlobalSection
EndGlobal
