
Microsoft Visual Studio Solution File, Format Version 12.00
# Visual Studio 15
VisualStudioVersion = 15.0.28307.572
MinimumVisualStudioVersion = 10.0.40219.1
Project("{FAE04EC0-301F-11D3-BF4B-00C04F79EFBC}") = "PartyInvites", "PartyInvites\PartyInvites.csproj", "{30BB0BEC-DA6B-4935-9C35-2A38D079E168}"
EndProject
Global
	GlobalSection(SolutionConfigurationPlatforms) = preSolution
		Debug|Any CPU = Debug|Any CPU
		Release|Any CPU = Release|Any CPU
	EndGlobalSection
	GlobalSection(ProjectConfigurationPlatforms) = postSolution
		{30BB0BEC-DA6B-4935-9C35-2A38D079E168}.Debug|Any CPU.ActiveCfg = Debug|Any CPU
		{30BB0BEC-DA6B-4935-9C35-2A38D079E168}.Debug|Any CPU.Build.0 = Debug|Any CPU
		{30BB0BEC-DA6B-4935-9C35-2A38D079E168}.Release|Any CPU.ActiveCfg = Release|Any CPU
		{30BB0BEC-DA6B-4935-9C35-2A38D079E168}.Release|Any CPU.Build.0 = Release|Any CPU
	EndGlobalSection
	GlobalSection(SolutionProperties) = preSolution
		HideSolutionNode = FALSE
	EndGlobalSection
	GlobalSection(ExtensibilityGlobals) = postSolution
		SolutionGuid = {ADFD6BE9-1558-43E0-B607-E7396BE39949}
	EndGlobalSection
EndGlobal
